
Microsoft Visual Studio Solution File, Format Version 12.00
# Visual Studio Version 16
VisualStudioVersion = 16.0.31005.135
MinimumVisualStudioVersion = 10.0.40219.1
Project("{FAE04EC0-301F-11D3-BF4B-00C04F79EFBC}") = "order.api", "order.api\order.api.csproj", "{60323ED8-4D43-4315-8FF9-33D6878B70B5}"
EndProject
Global
	GlobalSection(SolutionConfigurationPlatforms) = preSolution
		Debug|Any CPU = Debug|Any CPU
		Release|Any CPU = Release|Any CPU
	EndGlobalSection
	GlobalSection(ProjectConfigurationPlatforms) = postSolution
		{60323ED8-4D43-4315-8FF9-33D6878B70B5}.Debug|Any CPU.ActiveCfg = Debug|Any CPU
		{60323ED8-4D43-4315-8FF9-33D6878B70B5}.Debug|Any CPU.Build.0 = Debug|Any CPU
		{60323ED8-4D43-4315-8FF9-33D6878B70B5}.Release|Any CPU.ActiveCfg = Release|Any CPU
		{60323ED8-4D43-4315-8FF9-33D6878B70B5}.Release|Any CPU.Build.0 = Release|Any CPU
	EndGlobalSection
	GlobalSection(SolutionProperties) = preSolution
		HideSolutionNode = FALSE
	EndGlobalSection
	GlobalSection(ExtensibilityGlobals) = postSolution
		SolutionGuid = {A8864C64-952D-4855-9A45-978F73BAF726}
	EndGlobalSection
EndGlobal
